
Microsoft Visual Studio Solution File, Format Version 12.00
# Visual Studio Version 17
VisualStudioVersion = 17.7.34031.279
MinimumVisualStudioVersion = 10.0.40219.1
Project("{FAE04EC0-301F-11D3-BF4B-00C04F79EFBC}") = "project2", "project2\project2.csproj", "{DD26BB87-D692-44AD-9073-6D83294167A7}"
EndProject
Global
	GlobalSection(SolutionConfigurationPlatforms) = preSolution
		Debug|Any CPU = Debug|Any CPU
		Release|Any CPU = Release|Any CPU
	EndGlobalSection
	GlobalSection(ProjectConfigurationPlatforms) = postSolution
		{DD26BB87-D692-44AD-9073-6D83294167A7}.Debug|Any CPU.ActiveCfg = Debug|Any CPU
		{DD26BB87-D692-44AD-9073-6D83294167A7}.Debug|Any CPU.Build.0 = Debug|Any CPU
		{DD26BB87-D692-44AD-9073-6D83294167A7}.Release|Any CPU.ActiveCfg = Release|Any CPU
		{DD26BB87-D692-44AD-9073-6D83294167A7}.Release|Any CPU.Build.0 = Release|Any CPU
	EndGlobalSection
	GlobalSection(SolutionProperties) = preSolution
		HideSolutionNode = FALSE
	EndGlobalSection
	GlobalSection(ExtensibilityGlobals) = postSolution
		SolutionGuid = {43C840DF-3FF2-4891-9DF2-9B3BD7B79846}
	EndGlobalSection
EndGlobal
